
Microsoft Visual Studio Solution File, Format Version 12.00
# Visual Studio 15
VisualStudioVersion = 15.0.27703.2047
MinimumVisualStudioVersion = 10.0.40219.1
Project("{FAE04EC0-301F-11D3-BF4B-00C04F79EFBC}") = "CMS.Admin", "CMS.Admin\CMS.Admin.csproj", "{1DBBE6B0-3E35-4859-950F-7BC678815B2E}"
EndProject
Project("{FAE04EC0-301F-11D3-BF4B-00C04F79EFBC}") = "CMS.Domain", "CMS.Domain\CMS.Domain.csproj", "{35D597A9-E3CD-4F30-B9AC-6F63593B8CB2}"
EndProject
Project("{FAE04EC0-301F-11D3-BF4B-00C04F79EFBC}") = "CMS.Core", "CMS.Core\CMS.Core.csproj", "{2BCD7CB2-A50E-4505-B8BF-E4AFEDD9A428}"
EndProject
Project("{FAE04EC0-301F-11D3-BF4B-00C04F79EFBC}") = "CMS.Common", "CMS.Common\CMS.Common.csproj", "{3171D2C4-E9E3-4AE4-AC06-61FA4E26CC68}"
EndProject
Project("{FAE04EC0-301F-11D3-BF4B-00C04F79EFBC}") = "CMS.UInterface", "CMS.UInterface\CMS.UInterface.csproj", "{D71BDC5E-D998-4173-8F38-C4B68E8CAE6C}"
EndProject
Global
	GlobalSection(SolutionConfigurationPlatforms) = preSolution
		Debug|Any CPU = Debug|Any CPU
		Release|Any CPU = Release|Any CPU
	EndGlobalSection
	GlobalSection(ProjectConfigurationPlatforms) = postSolution
		{1DBBE6B0-3E35-4859-950F-7BC678815B2E}.Debug|Any CPU.ActiveCfg = Debug|Any CPU
		{1DBBE6B0-3E35-4859-950F-7BC678815B2E}.Debug|Any CPU.Build.0 = Debug|Any CPU
		{1DBBE6B0-3E35-4859-950F-7BC678815B2E}.Release|Any CPU.ActiveCfg = Release|Any CPU
		{1DBBE6B0-3E35-4859-950F-7BC678815B2E}.Release|Any CPU.Build.0 = Release|Any CPU
		{35D597A9-E3CD-4F30-B9AC-6F63593B8CB2}.Debug|Any CPU.ActiveCfg = Debug|Any CPU
		{35D597A9-E3CD-4F30-B9AC-6F63593B8CB2}.Debug|Any CPU.Build.0 = Debug|Any CPU
		{35D597A9-E3CD-4F30-B9AC-6F63593B8CB2}.Release|Any CPU.ActiveCfg = Release|Any CPU
		{35D597A9-E3CD-4F30-B9AC-6F63593B8CB2}.Release|Any CPU.Build.0 = Release|Any CPU
		{2BCD7CB2-A50E-4505-B8BF-E4AFEDD9A428}.Debug|Any CPU.ActiveCfg = Debug|Any CPU
		{2BCD7CB2-A50E-4505-B8BF-E4AFEDD9A428}.Debug|Any CPU.Build.0 = Debug|Any CPU
		{2BCD7CB2-A50E-4505-B8BF-E4AFEDD9A428}.Release|Any CPU.ActiveCfg = Release|Any CPU
		{2BCD7CB2-A50E-4505-B8BF-E4AFEDD9A428}.Release|Any CPU.Build.0 = Release|Any CPU
		{3171D2C4-E9E3-4AE4-AC06-61FA4E26CC68}.Debug|Any CPU.ActiveCfg = Debug|Any CPU
		{3171D2C4-E9E3-4AE4-AC06-61FA4E26CC68}.Debug|Any CPU.Build.0 = Debug|Any CPU
		{3171D2C4-E9E3-4AE4-AC06-61FA4E26CC68}.Release|Any CPU.ActiveCfg = Release|Any CPU
		{3171D2C4-E9E3-4AE4-AC06-61FA4E26CC68}.Release|Any CPU.Build.0 = Release|Any CPU
		{D71BDC5E-D998-4173-8F38-C4B68E8CAE6C}.Debug|Any CPU.ActiveCfg = Debug|Any CPU
		{D71BDC5E-D998-4173-8F38-C4B68E8CAE6C}.Debug|Any CPU.Build.0 = Debug|Any CPU
		{D71BDC5E-D998-4173-8F38-C4B68E8CAE6C}.Release|Any CPU.ActiveCfg = Release|Any CPU
		{D71BDC5E-D998-4173-8F38-C4B68E8CAE6C}.Release|Any CPU.Build.0 = Release|Any CPU
	EndGlobalSection
	GlobalSection(SolutionProperties) = preSolution
		HideSolutionNode = FALSE
	EndGlobalSection
	GlobalSection(ExtensibilityGlobals) = postSolution
		SolutionGuid = {46468D8C-B0CC-4227-B242-8AA0E1549AAF}
	EndGlobalSection
EndGlobal
